
Microsoft Visual Studio Solution File, Format Version 12.00
# Visual Studio Version 16
VisualStudioVersion = 16.0.31129.286
MinimumVisualStudioVersion = 10.0.40219.1
Project("{FAE04EC0-301F-11D3-BF4B-00C04F79EFBC}") = "ProjectA", "ProjectA\ProjectA.csproj", "{F70C15D6-C8B3-44DD-B35A-40AC955EE710}"
EndProject
Project("{FAE04EC0-301F-11D3-BF4B-00C04F79EFBC}") = "ProjectB", "ProjectB\ProjectB.csproj", "{46C0AFAC-6909-4D61-B717-0190324DD252}"
EndProject
Global
	GlobalSection(SolutionConfigurationPlatforms) = preSolution
		Debug|Any CPU = Debug|Any CPU
		Release|Any CPU = Release|Any CPU
	EndGlobalSection
	GlobalSection(ProjectConfigurationPlatforms) = postSolution
		{F70C15D6-C8B3-44DD-B35A-40AC955EE710}.Debug|Any CPU.ActiveCfg = Debug|Any CPU
		{F70C15D6-C8B3-44DD-B35A-40AC955EE710}.Debug|Any CPU.Build.0 = Debug|Any CPU
		{F70C15D6-C8B3-44DD-B35A-40AC955EE710}.Release|Any CPU.ActiveCfg = Release|Any CPU
		{F70C15D6-C8B3-44DD-B35A-40AC955EE710}.Release|Any CPU.Build.0 = Release|Any CPU
		{46C0AFAC-6909-4D61-B717-0190324DD252}.Debug|Any CPU.ActiveCfg = Debug|Any CPU
		{46C0AFAC-6909-4D61-B717-0190324DD252}.Debug|Any CPU.Build.0 = Debug|Any CPU
		{46C0AFAC-6909-4D61-B717-0190324DD252}.Release|Any CPU.ActiveCfg = Release|Any CPU
		{46C0AFAC-6909-4D61-B717-0190324DD252}.Release|Any CPU.Build.0 = Release|Any CPU
	EndGlobalSection
	GlobalSection(SolutionProperties) = preSolution
		HideSolutionNode = FALSE
	EndGlobalSection
	GlobalSection(ExtensibilityGlobals) = postSolution
		SolutionGuid = {43B70488-9315-491E-BBE8-CC2D82729EB4}
	EndGlobalSection
EndGlobal
